
Microsoft Visual Studio Solution File, Format Version 12.00
# Visual Studio Version 16
VisualStudioVersion = 16.0.30907.101
MinimumVisualStudioVersion = 10.0.40219.1
Project("{FAE04EC0-301F-11D3-BF4B-00C04F79EFBC}") = "Quan_Ly_Diem_SV_TC", "Quan_Ly_Diem_SV_TC\Quan_Ly_Diem_SV_TC.csproj", "{DDE8EE03-3CEB-4BAA-885D-648D62EBC83E}"
EndProject
Global
	GlobalSection(SolutionConfigurationPlatforms) = preSolution
		Debug|Any CPU = Debug|Any CPU
		Release|Any CPU = Release|Any CPU
	EndGlobalSection
	GlobalSection(ProjectConfigurationPlatforms) = postSolution
		{DDE8EE03-3CEB-4BAA-885D-648D62EBC83E}.Debug|Any CPU.ActiveCfg = Debug|Any CPU
		{DDE8EE03-3CEB-4BAA-885D-648D62EBC83E}.Debug|Any CPU.Build.0 = Debug|Any CPU
		{DDE8EE03-3CEB-4BAA-885D-648D62EBC83E}.Release|Any CPU.ActiveCfg = Release|Any CPU
		{DDE8EE03-3CEB-4BAA-885D-648D62EBC83E}.Release|Any CPU.Build.0 = Release|Any CPU
	EndGlobalSection
	GlobalSection(SolutionProperties) = preSolution
		HideSolutionNode = FALSE
	EndGlobalSection
	GlobalSection(ExtensibilityGlobals) = postSolution
		SolutionGuid = {340DCF97-FE14-47C2-9788-0A2516BC0D1E}
	EndGlobalSection
EndGlobal
